// !$*UTF8*$!
{
	archiveVersion = 1;
	classes = {
	};
	objectVersion = 46;
	objects = {

/* Begin PBXBuildFile section */
		BA3F9D3D1D5083ED00DAE77E /* main.m in Sources */ = {isa = PBXBuildFile; fileRef = BA3F9D3C1D5083ED00DAE77E /* main.m */; };
		BA3F9D401D5083ED00DAE77E /* AppDelegate.m in Sources */ = {isa = PBXBuildFile; fileRef = BA3F9D3F1D5083ED00DAE77E /* AppDelegate.m */; };
		BA3F9D431D5083ED00DAE77E /* ViewController.m in Sources */ = {isa = PBXBuildFile; fileRef = BA3F9D421D5083ED00DAE77E /* ViewController.m */; };
		BA3F9D461D5083ED00DAE77E /* Main.storyboard in Resources */ = {isa = PBXBuildFile; fileRef = BA3F9D441D5083ED00DAE77E /* Main.storyboard */; };
		BA3F9D481D5083ED00DAE77E /* Assets.xcassets in Resources */ = {isa = PBXBuildFile; fileRef = BA3F9D471D5083ED00DAE77E /* Assets.xcassets */; };
		BA3F9D4B1D5083ED00DAE77E /* LaunchScreen.storyboard in Resources */ = {isa = PBXBuildFile; fileRef = BA3F9D491D5083ED00DAE77E /* LaunchScreen.storyboard */; };
		BAC6CFF11D5095C500AA7523 /* NetworkingTool.m in Sources */ = {isa = PBXBuildFile; fileRef = BAC6CFF01D5095C500AA7523 /* NetworkingTool.m */; };
		D0B5196894614B1F83249AE9 /* libPods-Share.a in Frameworks */ = {isa = PBXBuildFile; fileRef = 4FC8BE772B652B38F162FA1D /* libPods-Share.a */; };
/* End PBXBuildFile section */

/* Begin PBXFileReference section */
		4BA338CE5AF076FAE03A8DF0 /* Pods-Share.release.xcconfig */ = {isa = PBXFileReference; includeInIndex = 1; lastKnownFileType = text.xcconfig; name = "Pods-Share.release.xcconfig"; path = "Pods/Target Support Files/Pods-Share/Pods-Share.release.xcconfig"; sourceTree = "<group>"; };
		4FC8BE772B652B38F162FA1D /* libPods-Share.a */ = {isa = PBXFileReference; explicitFileType = archive.ar; includeInIndex = 0; path = "libPods-Share.a"; sourceTree = BUILT_PRODUCTS_DIR; };
		6B68227C4D756D35DA1750C8 /* Pods-Share.debug.xcconfig */ = {isa = PBXFileReference; includeInIndex = 1; lastKnownFileType = text.xcconfig; name = "Pods-Share.debug.xcconfig"; path = "Pods/Target Support Files/Pods-Share/Pods-Share.debug.xcconfig"; sourceTree = "<group>"; };
		BA3F9D381D5083ED00DAE77E /* Share.app */ = {isa = PBXFileReference; explicitFileType = wrapper.application; includeInIndex = 0; path = Share.app; sourceTree = BUILT_PRODUCTS_DIR; };
		BA3F9D3C1D5083ED00DAE77E /* main.m */ = {isa = PBXFileReference; lastKnownFileType = sourcecode.c.objc; path = main.m; sourceTree = "<group>"; };
		BA3F9D3E1D5083ED00DAE77E /* AppDelegate.h */ = {isa = PBXFileReference; lastKnownFileType = sourcecode.c.h; path = AppDelegate.h; sourceTree = "<group>"; };
		BA3F9D3F1D5083ED00DAE77E /* AppDelegate.m */ = {isa = PBXFileReference; lastKnownFileType = sourcecode.c.objc; path = AppDelegate.m; sourceTree = "<group>"; };
		BA3F9D411D5083ED00DAE77E /* ViewController.h */ = {isa = PBXFileReference; lastKnownFileType = sourcecode.c.h; path = ViewController.h; sourceTree = "<group>"; };
		BA3F9D421D5083ED00DAE77E /* ViewController.m */ = {isa = PBXFileReference; lastKnownFileType = sourcecode.c.objc; path = ViewController.m; sourceTree = "<group>"; };
		BA3F9D451D5083ED00DAE77E /* Base */ = {isa = PBXFileReference; lastKnownFileType = file.storyboard; name = Base; path = Base.lproj/Main.storyboard; sourceTree = "<group>"; };
		BA3F9D471D5083ED00DAE77E /* Assets.xcassets */ = {isa = PBXFileReference; lastKnownFileType = folder.assetcatalog; path = Assets.xcassets; sourceTree = "<group>"; };
		BA3F9D4A1D5083ED00DAE77E /* Base */ = {isa = PBXFileReference; lastKnownFileType = file.storyboard; name = Base; path = Base.lproj/LaunchScreen.storyboard; sourceTree = "<group>"; };
		BA3F9D4C1D5083ED00DAE77E /* Info.plist */ = {isa = PBXFileReference; lastKnownFileType = text.plist.xml; path = Info.plist; sourceTree = "<group>"; };
		BAC6CFEF1D5095C500AA7523 /* NetworkingTool.h */ = {isa = PBXFileReference; fileEncoding = 4; lastKnownFileType = sourcecode.c.h; path = NetworkingTool.h; sourceTree = "<group>"; };
		BAC6CFF01D5095C500AA7523 /* NetworkingTool.m */ = {isa = PBXFileReference; fileEncoding = 4; lastKnownFileType = sourcecode.c.objc; path = NetworkingTool.m; sourceTree = "<group>"; };
/* End PBXFileReference section */

/* Begin PBXFrameworksBuildPhase section */
		BA3F9D351D5083ED00DAE77E /* Frameworks */ = {
			isa = PBXFrameworksBuildPhase;
			buildActionMask = 2147483647;
			files = (
				D0B5196894614B1F83249AE9 /* libPods-Share.a in Frameworks */,
			);
			runOnlyForDeploymentPostprocessing = 0;
		};
/* End PBXFrameworksBuildPhase section */

/* Begin PBXGroup section */
		0F010DA263BDC15694AF1FAB /* Frameworks */ = {
			isa = PBXGroup;
			children = (
				4FC8BE772B652B38F162FA1D /* libPods-Share.a */,
			);
			name = Frameworks;
			sourceTree = "<group>";
		};
		9180DA8C1BE50FCA33FB7022 /* Pods */ = {
			isa = PBXGroup;
			children = (
				6B68227C4D756D35DA1750C8 /* Pods-Share.debug.xcconfig */,
				4BA338CE5AF076FAE03A8DF0 /* Pods-Share.release.xcconfig */,
			);
			name = Pods;
			sourceTree = "<group>";
		};
		BA3F9D2F1D5083ED00DAE77E = {
			isa = PBXGroup;
			children = (
				BA3F9D3A1D5083ED00DAE77E /* Share */,
				BA3F9D391D5083ED00DAE77E /* Products */,
				9180DA8C1BE50FCA33FB7022 /* Pods */,
				0F010DA263BDC15694AF1FAB /* Frameworks */,
			);
			sourceTree = "<group>";
		};
		BA3F9D391D5083ED00DAE77E /* Products */ = {
			isa = PBXGroup;
			children = (
				BA3F9D381D5083ED00DAE77E /* Share.app */,
			);
			name = Products;
			sourceTree = "<group>";
		};
		BA3F9D3A1D5083ED00DAE77E /* Share */ = {
			isa = PBXGroup;
			children = (
				BAC6CFEE1D5095A900AA7523 /* Tools */,
				BA3F9D3E1D5083ED00DAE77E /* AppDelegate.h */,
				BA3F9D3F1D5083ED00DAE77E /* AppDelegate.m */,
				BA3F9D411D5083ED00DAE77E /* ViewController.h */,
				BA3F9D421D5083ED00DAE77E /* ViewController.m */,
				BA3F9D441D5083ED00DAE77E /* Main.storyboard */,
				BA3F9D471D5083ED00DAE77E /* Assets.xcassets */,
				BA3F9D491D5083ED00DAE77E /* LaunchScreen.storyboard */,
				BA3F9D4C1D5083ED00DAE77E /* Info.plist */,
				BA3F9D3B1D5083ED00DAE77E /* Supporting Files */,
			);
			path = Share;
			sourceTree = "<group>";
		};
		BA3F9D3B1D5083ED00DAE77E /* Supporting Files */ = {
			isa = PBXGroup;
			children = (
				BA3F9D3C1D5083ED00DAE77E /* main.m */,
			);
			name = "Supporting Files";
			sourceTree = "<group>";
		};
		BAC6CFEE1D5095A900AA7523 /* Tools */ = {
			isa = PBXGroup;
			children = (
				BAC6CFEF1D5095C500AA7523 /* NetworkingTool.h */,
				BAC6CFF01D5095C500AA7523 /* NetworkingTool.m */,
			);
			path = Tools;
			sourceTree = "<group>";
		};
/* End PBXGroup section */

/* Begin PBXNativeTarget section */
		BA3F9D371D5083ED00DAE77E /* Share */ = {
			isa = PBXNativeTarget;
			buildConfigurationList = BA3F9D4F1D5083ED00DAE77E /* Build configuration list for PBXNativeTarget "Share" */;
			buildPhases = (
				B3FB8B146F5DE3D54E25324D /* [CP] Check Pods Manifest.lock */,
				BA3F9D341D5083ED00DAE77E /* Sources */,
				BA3F9D351D5083ED00DAE77E /* Frameworks */,
				BA3F9D361D5083ED00DAE77E /* Resources */,
				FC8317B846F876D5DA1D994E /* [CP] Embed Pods Frameworks */,
				849601D0487DC57F16F7AA91 /* [CP] Copy Pods Resources */,
			);
			buildRules = (
			);
			dependencies = (
			);
			name = Share;
			productName = Share;
			productReference = BA3F9D381D5083ED00DAE77E /* Share.app */;
			productType = "com.apple.product-type.application";
		};
/* End PBXNativeTarget section */

/* Begin PBXProject section */
		BA3F9D301D5083ED00DAE77E /* Project object */ = {
			isa = PBXProject;
			attributes = {
				LastUpgradeCheck = 0730;
				ORGANIZATIONNAME = hejiamu;
				TargetAttributes = {
					BA3F9D371D5083ED00DAE77E = {
						CreatedOnToolsVersion = 7.3.1;
					};
				};
			};
			buildConfigurationList = BA3F9D331D5083ED00DAE77E /* Build configuration list for PBXProject "Share" */;
			compatibilityVersion = "Xcode 3.2";
			developmentRegion = English;
			hasScannedForEncodings = 0;
			knownRegions = (
				en,
				Base,
			);
			mainGroup = BA3F9D2F1D5083ED00DAE77E;
			productRefGroup = BA3F9D391D5083ED00DAE77E /* Products */;
			projectDirPath = "";
			projectRoot = "";
			targets = (
				BA3F9D371D5083ED00DAE77E /* Share */,
			);
		};
/* End PBXProject section */

/* Begin PBXResourcesBuildPhase section */
		BA3F9D361D5083ED00DAE77E /* Resources */ = {
			isa = PBXResourcesBuildPhase;
			buildActionMask = 2147483647;
			files = (
				BA3F9D4B1D5083ED00DAE77E /* LaunchScreen.storyboard in Resources */,
				BA3F9D481D5083ED00DAE77E /* Assets.xcassets in Resources */,
				BA3F9D461D5083ED00DAE77E /* Main.storyboard in Resources */,
			);
			runOnlyForDeploymentPostprocessing = 0;
		};
/* End PBXResourcesBuildPhase section */

/* Begin PBXShellScriptBuildPhase section */
		849601D0487DC57F16F7AA91 /* [CP] Copy Pods Resources */ = {
			isa = PBXShellScriptBuildPhase;
			buildActionMask = 2147483647;
			files = (
			);
			inputPaths = (
			);
			name = "[CP] Copy Pods Resources";
			outputPaths = (
			);
			runOnlyForDeploymentPostprocessing = 0;
			shellPath = /bin/sh;
			shellScript = "\"${SRCROOT}/Pods/Target Support Files/Pods-Share/Pods-Share-resources.sh\"\n";
			showEnvVarsInLog = 0;
		};
		B3FB8B146F5DE3D54E25324D /* [CP] Check Pods Manifest.lock */ = {
			isa = PBXShellScriptBuildPhase;
			buildActionMask = 2147483647;
			files = (
			);
			inputPaths = (
			);
			name = "[CP] Check Pods Manifest.lock";
			outputPaths = (
			);
			runOnlyForDeploymentPostprocessing = 0;
			shellPath = /bin/sh;
			shellScript = "diff \"${PODS_ROOT}/../Podfile.lock\" \"${PODS_ROOT}/Manifest.lock\" > /dev/null\nif [[ $? != 0 ]] ; then\n    cat << EOM\nerror: The sandbox is not in sync with the Podfile.lock. Run 'pod install' or update your CocoaPods installation.\nEOM\n    exit 1\nfi\n";
			showEnvVarsInLog = 0;
		};
		FC8317B846F876D5DA1D994E /* [CP] Embed Pods Frameworks */ = {
			isa = PBXShellScriptBuildPhase;
			buildActionMask = 2147483647;
			files = (
			);
			inputPaths = (
			);
			name = "[CP] Embed Pods Frameworks";
			outputPaths = (
			);
			runOnlyForDeploymentPostprocessing = 0;
			shellPath = /bin/sh;
			shellScript = "\"${SRCROOT}/Pods/Target Support Files/Pods-Share/Pods-Share-frameworks.sh\"\n";
			showEnvVarsInLog = 0;
		};
/* End PBXShellScriptBuildPhase section */

/* Begin PBXSourcesBuildPhase section */
		BA3F9D341D5083ED00DAE77E /* Sources */ = {
			isa = PBXSourcesBuildPhase;
			buildActionMask = 2147483647;
			files = (
				BA3F9D431D5083ED00DAE77E /* ViewController.m in Sources */,
				BAC6CFF11D5095C500AA7523 /* NetworkingTool.m in Sources */,
				BA3F9D401D5083ED00DAE77E /* AppDelegate.m in Sources */,
				BA3F9D3D1D5083ED00DAE77E /* main.m in Sources */,
			);
			runOnlyForDeploymentPostprocessing = 0;
		};
/* End PBXSourcesBuildPhase section */

/* Begin PBXVariantGroup section */
		BA3F9D441D5083ED00DAE77E /* Main.storyboard */ = {
			isa = PBXVariantGroup;
			children = (
				BA3F9D451D5083ED00DAE77E /* Base */,
			);
			name = Main.storyboard;
			sourceTree = "<group>";
		};
		BA3F9D491D5083ED00DAE77E /* LaunchScreen.storyboard */ = {
			isa = PBXVariantGroup;
			children = (
				BA3F9D4A1D5083ED00DAE77E /* Base */,
			);
			name = LaunchScreen.storyboard;
			sourceTree = "<group>";
		};
/* End PBXVariantGroup section */

/* Begin XCBuildConfiguration section */
		BA3F9D4D1D5083ED00DAE77E /* Debug */ = {
			isa = XCBuildConfiguration;
			buildSettings = {
				ALWAYS_SEARCH_USER_PATHS = NO;
				CLANG_ANALYZER_NONNULL = YES;
				CLANG_CXX_LANGUAGE_STANDARD = "gnu++0x";
				CLANG_CXX_LIBRARY = "libc++";
				CLANG_ENABLE_MODULES = YES;
				CLANG_ENABLE_OBJC_ARC = YES;
				CLANG_WARN_BOOL_CONVERSION = YES;
				CLANG_WARN_CONSTANT_CONVERSION = YES;
				CLANG_WARN_DIRECT_OBJC_ISA_USAGE = YES_ERROR;
				CLANG_WARN_EMPTY_BODY = YES;
				CLANG_WARN_ENUM_CONVERSION = YES;
				CLANG_WARN_INT_CONVERSION = YES;
				CLANG_WARN_OBJC_ROOT_CLASS = YES_ERROR;
				CLANG_WARN_UNREACHABLE_CODE = YES;
				CLANG_WARN__DUPLICATE_METHOD_MATCH = YES;
				"CODE_SIGN_IDENTITY[sdk=iphoneos*]" = "iPhone Developer";
				COPY_PHASE_STRIP = NO;
				DEBUG_INFORMATION_FORMAT = dwarf;
				ENABLE_STRICT_OBJC_MSGSEND = YES;
				ENABLE_TESTABILITY = YES;
				GCC_C_LANGUAGE_STANDARD = gnu99;
				GCC_DYNAMIC_NO_PIC = NO;
				GCC_NO_COMMON_BLOCKS = YES;
				GCC_OPTIMIZATION_LEVEL = 0;
				GCC_PREPROCESSOR_DEFINITIONS = (
					"DEBUG=1",
					"$(inherited)",
				);
				GCC_WARN_64_TO_32_BIT_CONVERSION = YES;
				GCC_WARN_ABOUT_RETURN_TYPE = YES_ERROR;
				GCC_WARN_UNDECLARED_SELECTOR = YES;
				GCC_WARN_UNINITIALIZED_AUTOS = YES_AGGRESSIVE;
				GCC_WARN_UNUSED_FUNCTION = YES;
				GCC_WARN_UNUSED_VARIABLE = YES;
				IPHONEOS_DEPLOYMENT_TARGET = 9.3;
				MTL_ENABLE_DEBUG_INFO = YES;
				ONLY_ACTIVE_ARCH = YES;
				SDKROOT = iphoneos;
				TARGETED_DEVICE_FAMILY = "1,2";
			};
			name = Debug;
		};
		BA3F9D4E1D5083ED00DAE77E /* Release */ = {
			isa = XCBuildConfiguration;
			buildSettings = {
				ALWAYS_SEARCH_USER_PATHS = NO;
				CLANG_ANALYZER_NONNULL = YES;
				CLANG_CXX_LANGUAGE_STANDARD = "gnu++0x";
				CLANG_CXX_LIBRARY = "libc++";
				CLANG_ENABLE_MODULES = YES;
				CLANG_ENABLE_OBJC_ARC = YES;
				CLANG_WARN_BOOL_CONVERSION = YES;
				CLANG_WARN_CONSTANT_CONVERSION = YES;
				CLANG_WARN_DIRECT_OBJC_ISA_USAGE = YES_ERROR;
				CLANG_WARN_EMPTY_BODY = YES;
				CLANG_WARN_ENUM_CONVERSION = YES;
				CLANG_WARN_INT_CONVERSION = YES;
				CLANG_WARN_OBJC_ROOT_CLASS = YES_ERROR;
				CLANG_WARN_UNREACHABLE_CODE = YES;
				CLANG_WARN__DUPLICATE_METHOD_MATCH = YES;
				"CODE_SIGN_IDENTITY[sdk=iphoneos*]" = "iPhone Developer";
				COPY_PHASE_STRIP = NO;
				DEBUG_INFORMATION_FORMAT = "dwarf-with-dsym";
				ENABLE_NS_ASSERTIONS = NO;
				ENABLE_STRICT_OBJC_MSGSEND = YES;
				GCC_C_LANGUAGE_STANDARD = gnu99;
				GCC_NO_COMMON_BLOCKS = YES;
				GCC_WARN_64_TO_32_BIT_CONVERSION = YES;
				GCC_WARN_ABOUT_RETURN_TYPE = YES_ERROR;
				GCC_WARN_UNDECLARED_SELECTOR = YES;
				GCC_WARN_UNINITIALIZED_AUTOS = YES_AGGRESSIVE;
				GCC_WARN_UNUSED_FUNCTION = YES;
				GCC_WARN_UNUSED_VARIABLE = YES;
				IPHONEOS_DEPLOYMENT_TARGET = 9.3;
				MTL_ENABLE_DEBUG_INFO = NO;
				SDKROOT = iphoneos;
				TARGETED_DEVICE_FAMILY = "1,2";
				VALIDATE_PRODUCT = YES;
			};
			name = Release;
		};
		BA3F9D501D5083ED00DAE77E /* Debug */ = {
			isa = XCBuildConfiguration;
			baseConfigurationReference = 6B68227C4D756D35DA1750C8 /* Pods-Share.debug.xcconfig */;
			buildSettings = {
				ASSETCATALOG_COMPILER_APPICON_NAME = AppIcon;
				INFOPLIST_FILE = Share/Info.plist;
				LD_RUNPATH_SEARCH_PATHS = "$(inherited) @executable_path/Frameworks";
				PRODUCT_BUNDLE_IDENTIFIER = com.hejiamu.Share;
				PRODUCT_NAME = "$(TARGET_NAME)";
			};
			name = Debug;
		};
		BA3F9D511D5083ED00DAE77E /* Release */ = {
			isa = XCBuildConfiguration;
			baseConfigurationReference = 4BA338CE5AF076FAE03A8DF0 /* Pods-Share.release.xcconfig */;
			buildSettings = {
				ASSETCATALOG_COMPILER_APPICON_NAME = AppIcon;
				INFOPLIST_FILE = Share/Info.plist;
				LD_RUNPATH_SEARCH_PATHS = "$(inherited) @executable_path/Frameworks";
				PRODUCT_BUNDLE_IDENTIFIER = com.hejiamu.Share;
				PRODUCT_NAME = "$(TARGET_NAME)";
			};
			name = Release;
		};
/* End XCBuildConfiguration section */

/* Begin XCConfigurationList section */
		BA3F9D331D5083ED00DAE77E /* Build configuration list for PBXProject "Share" */ = {
			isa = XCConfigurationList;
			buildConfigurations = (
				BA3F9D4D1D5083ED00DAE77E /* Debug */,
				BA3F9D4E1D5083ED00DAE77E /* Release */,
			);
			defaultConfigurationIsVisible = 0;
			defaultConfigurationName = Release;
		};
		BA3F9D4F1D5083ED00DAE77E /* Build configuration list for PBXNativeTarget "Share" */ = {
			isa = XCConfigurationList;
			buildConfigurations = (
				BA3F9D501D5083ED00DAE77E /* Debug */,
				BA3F9D511D5083ED00DAE77E /* Release */,
			);
			defaultConfigurationIsVisible = 0;
			defaultConfigurationName = Release;
		};
/* End XCConfigurationList section */
	};
	rootObject = BA3F9D301D5083ED00DAE77E /* Project object */;
}
